// !$*UTF8*$!
{
	archiveVersion = 1;
	classes = {
	};
	objectVersion = 77;
	objects = {

/* Begin PBXContainerItemProxy section */
		E13FD3FA2CB45676006069A4 /* PBXContainerItemProxy */ = {
			isa = PBXContainerItemProxy;
			containerPortal = E13FD3DD2CB45674006069A4 /* Project object */;
			proxyType = 1;
			remoteGlobalIDString = E13FD3E42CB45674006069A4;
			remoteInfo = PrillKiller;
		};
		E13FD4042CB45676006069A4 /* PBXContainerItemProxy */ = {
			isa = PBXContainerItemProxy;
			containerPortal = E13FD3DD2CB45674006069A4 /* Project object */;
			proxyType = 1;
			remoteGlobalIDString = E13FD3E42CB45674006069A4;
			remoteInfo = PrillKiller;
		};
/* End PBXContainerItemProxy section */

/* Begin PBXFileReference section */
		E13FD3E52CB45674006069A4 /* PrillKiller.app */ = {isa = PBXFileReference; explicitFileType = wrapper.application; includeInIndex = 0; path = PrillKiller.app; sourceTree = BUILT_PRODUCTS_DIR; };
		E13FD3F92CB45676006069A4 /* PrillKillerTests.xctest */ = {isa = PBXFileReference; explicitFileType = wrapper.cfbundle; includeInIndex = 0; path = PrillKillerTests.xctest; sourceTree = BUILT_PRODUCTS_DIR; };
		E13FD4032CB45676006069A4 /* PrillKillerUITests.xctest */ = {isa = PBXFileReference; explicitFileType = wrapper.cfbundle; includeInIndex = 0; path = PrillKillerUITests.xctest; sourceTree = BUILT_PRODUCTS_DIR; };
/* End PBXFileReference section */

/* Begin PBXFileSystemSynchronizedBuildFileExceptionSet section */
		E13FD40B2CB45676006069A4 /* Exceptions for "PrillKiller" folder in "PrillKiller" target */ = {
			isa = PBXFileSystemSynchronizedBuildFileExceptionSet;
			membershipExceptions = (
				Info.plist,
			);
			target = E13FD3E42CB45674006069A4 /* PrillKiller */;
		};
/* End PBXFileSystemSynchronizedBuildFileExceptionSet section */

/* Begin PBXFileSystemSynchronizedRootGroup section */
		E13FD3E72CB45674006069A4 /* PrillKiller */ = {
			isa = PBXFileSystemSynchronizedRootGroup;
			exceptions = (
				E13FD40B2CB45676006069A4 /* Exceptions for "PrillKiller" folder in "PrillKiller" target */,
			);
			path = PrillKiller;
			sourceTree = "<group>";
		};
		E13FD3FC2CB45676006069A4 /* PrillKillerTests */ = {
			isa = PBXFileSystemSynchronizedRootGroup;
			path = PrillKillerTests;
			sourceTree = "<group>";
		};
		E13FD4062CB45676006069A4 /* PrillKillerUITests */ = {
			isa = PBXFileSystemSynchronizedRootGroup;
			path = PrillKillerUITests;
			sourceTree = "<group>";
		};
/* End PBXFileSystemSynchronizedRootGroup section */

/* Begin PBXFrameworksBuildPhase section */
		E13FD3E22CB45674006069A4 /* Frameworks */ = {
			isa = PBXFrameworksBuildPhase;
			buildActionMask = 2147483647;
			files = (
			);
			runOnlyForDeploymentPostprocessing = 0;
		};
		E13FD3F62CB45676006069A4 /* Frameworks */ = {
			isa = PBXFrameworksBuildPhase;
			buildActionMask = 2147483647;
			files = (
			);
			runOnlyForDeploymentPostprocessing = 0;
		};
		E13FD4002CB45676006069A4 /* Frameworks */ = {
			isa = PBXFrameworksBuildPhase;
			buildActionMask = 2147483647;
			files = (
			);
			runOnlyForDeploymentPostprocessing = 0;
		};
/* End PBXFrameworksBuildPhase section */

/* Begin PBXGroup section */
		E13FD3DC2CB45674006069A4 = {
			isa = PBXGroup;
			children = (
				E13FD3E72CB45674006069A4 /* PrillKiller */,
				E13FD3FC2CB45676006069A4 /* PrillKillerTests */,
				E13FD4062CB45676006069A4 /* PrillKillerUITests */,
				E13FD3E62CB45674006069A4 /* Products */,
			);
			sourceTree = "<group>";
		};
		E13FD3E62CB45674006069A4 /* Products */ = {
			isa = PBXGroup;
			children = (
				E13FD3E52CB45674006069A4 /* PrillKiller.app */,
				E13FD3F92CB45676006069A4 /* PrillKillerTests.xctest */,
				E13FD4032CB45676006069A4 /* PrillKillerUITests.xctest */,
			);
			name = Products;
			sourceTree = "<group>";
		};
/* End PBXGroup section */

/* Begin PBXNativeTarget section */
		E13FD3E42CB45674006069A4 /* PrillKiller */ = {
			isa = PBXNativeTarget;
			buildConfigurationList = E13FD40C2CB45676006069A4 /* Build configuration list for PBXNativeTarget "PrillKiller" */;
			buildPhases = (
				E13FD3E12CB45674006069A4 /* Sources */,
				E13FD3E22CB45674006069A4 /* Frameworks */,
				E13FD3E32CB45674006069A4 /* Resources */,
			);
			buildRules = (
			);
			dependencies = (
			);
			fileSystemSynchronizedGroups = (
				E13FD3E72CB45674006069A4 /* PrillKiller */,
			);
			name = PrillKiller;
			packageProductDependencies = (
			);
			productName = PrillKiller;
			productReference = E13FD3E52CB45674006069A4 /* PrillKiller.app */;
			productType = "com.apple.product-type.application";
		};
		E13FD3F82CB45676006069A4 /* PrillKillerTests */ = {
			isa = PBXNativeTarget;
			buildConfigurationList = E13FD4112CB45676006069A4 /* Build configuration list for PBXNativeTarget "PrillKillerTests" */;
			buildPhases = (
				E13FD3F52CB45676006069A4 /* Sources */,
				E13FD3F62CB45676006069A4 /* Frameworks */,
				E13FD3F72CB45676006069A4 /* Resources */,
			);
			buildRules = (
			);
			dependencies = (
				E13FD3FB2CB45676006069A4 /* PBXTargetDependency */,
			);
			fileSystemSynchronizedGroups = (
				E13FD3FC2CB45676006069A4 /* PrillKillerTests */,
			);
			name = PrillKillerTests;
			packageProductDependencies = (
			);
			productName = PrillKillerTests;
			productReference = E13FD3F92CB45676006069A4 /* PrillKillerTests.xctest */;
			productType = "com.apple.product-type.bundle.unit-test";
		};
		E13FD4022CB45676006069A4 /* PrillKillerUITests */ = {
			isa = PBXNativeTarget;
			buildConfigurationList = E13FD4142CB45676006069A4 /* Build configuration list for PBXNativeTarget "PrillKillerUITests" */;
			buildPhases = (
				E13FD3FF2CB45676006069A4 /* Sources */,
				E13FD4002CB45676006069A4 /* Frameworks */,
				E13FD4012CB45676006069A4 /* Resources */,
			);
			buildRules = (
			);
			dependencies = (
				E13FD4052CB45676006069A4 /* PBXTargetDependency */,
			);
			fileSystemSynchronizedGroups = (
				E13FD4062CB45676006069A4 /* PrillKillerUITests */,
			);
			name = PrillKillerUITests;
			packageProductDependencies = (
			);
			productName = PrillKillerUITests;
			productReference = E13FD4032CB45676006069A4 /* PrillKillerUITests.xctest */;
			productType = "com.apple.product-type.bundle.ui-testing";
		};
/* End PBXNativeTarget section */

/* Begin PBXProject section */
		E13FD3DD2CB45674006069A4 /* Project object */ = {
			isa = PBXProject;
			attributes = {
				BuildIndependentTargetsInParallel = 1;
				LastSwiftUpdateCheck = 1600;
				LastUpgradeCheck = 1600;
				TargetAttributes = {
					E13FD3E42CB45674006069A4 = {
						CreatedOnToolsVersion = 16.0;
					};
					E13FD3F82CB45676006069A4 = {
						CreatedOnToolsVersion = 16.0;
						TestTargetID = E13FD3E42CB45674006069A4;
					};
					E13FD4022CB45676006069A4 = {
						CreatedOnToolsVersion = 16.0;
						TestTargetID = E13FD3E42CB45674006069A4;
					};
				};
			};
			buildConfigurationList = E13FD3E02CB45674006069A4 /* Build configuration list for PBXProject "PrillKiller" */;
			developmentRegion = en;
			hasScannedForEncodings = 0;
			knownRegions = (
				en,
				Base,
			);
			mainGroup = E13FD3DC2CB45674006069A4;
			minimizedProjectReferenceProxies = 1;
			preferredProjectObjectVersion = 77;
			productRefGroup = E13FD3E62CB45674006069A4 /* Products */;
			projectDirPath = "";
			projectRoot = "";
			targets = (
				E13FD3E42CB45674006069A4 /* PrillKiller */,
				E13FD3F82CB45676006069A4 /* PrillKillerTests */,
				E13FD4022CB45676006069A4 /* PrillKillerUITests */,
			);
		};
/* End PBXProject section */

/* Begin PBXResourcesBuildPhase section */
		E13FD3E32CB45674006069A4 /* Resources */ = {
			isa = PBXResourcesBuildPhase;
			buildActionMask = 2147483647;
			files = (
			);
			runOnlyForDeploymentPostprocessing = 0;
		};
		E13FD3F72CB45676006069A4 /* Resources */ = {
			isa = PBXResourcesBuildPhase;
			buildActionMask = 2147483647;
			files = (
			);
			runOnlyForDeploymentPostprocessing = 0;
		};
		E13FD4012CB45676006069A4 /* Resources */ = {
			isa = PBXResourcesBuildPhase;
			buildActionMask = 2147483647;
			files = (
			);
			runOnlyForDeploymentPostprocessing = 0;
		};
/* End PBXResourcesBuildPhase section */

/* Begin PBXSourcesBuildPhase section */
		E13FD3E12CB45674006069A4 /* Sources */ = {
			isa = PBXSourcesBuildPhase;
			buildActionMask = 2147483647;
			files = (
			);
			runOnlyForDeploymentPostprocessing = 0;
		};
		E13FD3F52CB45676006069A4 /* Sources */ = {
			isa = PBXSourcesBuildPhase;
			buildActionMask = 2147483647;
			files = (
			);
			runOnlyForDeploymentPostprocessing = 0;
		};
		E13FD3FF2CB45676006069A4 /* Sources */ = {
			isa = PBXSourcesBuildPhase;
			buildActionMask = 2147483647;
			files = (
			);
			runOnlyForDeploymentPostprocessing = 0;
		};
/* End PBXSourcesBuildPhase section */

/* Begin PBXTargetDependency section */
		E13FD3FB2CB45676006069A4 /* PBXTargetDependency */ = {
			isa = PBXTargetDependency;
			target = E13FD3E42CB45674006069A4 /* PrillKiller */;
			targetProxy = E13FD3FA2CB45676006069A4 /* PBXContainerItemProxy */;
		};
		E13FD4052CB45676006069A4 /* PBXTargetDependency */ = {
			isa = PBXTargetDependency;
			target = E13FD3E42CB45674006069A4 /* PrillKiller */;
			targetProxy = E13FD4042CB45676006069A4 /* PBXContainerItemProxy */;
		};
/* End PBXTargetDependency section */

/* Begin XCBuildConfiguration section */
		E13FD40D2CB45676006069A4 /* Debug */ = {
			isa = XCBuildConfiguration;
			buildSettings = {
				ASSETCATALOG_COMPILER_APPICON_NAME = AppIcon;
				ASSETCATALOG_COMPILER_GLOBAL_ACCENT_COLOR_NAME = AccentColor;
				CODE_SIGN_ENTITLEMENTS = PrillKiller/PrillKiller.entitlements;
				CODE_SIGN_STYLE = Automatic;
				CURRENT_PROJECT_VERSION = 1;
				DEVELOPMENT_ASSET_PATHS = "\"PrillKiller/Preview Content\"";
				DEVELOPMENT_TEAM = PFY5642M33;
				ENABLE_PREVIEWS = YES;
				GENERATE_INFOPLIST_FILE = YES;
				INFOPLIST_FILE = PrillKiller/Info.plist;
				INFOPLIST_KEY_UIApplicationSceneManifest_Generation = YES;
				INFOPLIST_KEY_UIApplicationSupportsIndirectInputEvents = YES;
				INFOPLIST_KEY_UILaunchScreen_Generation = YES;
				INFOPLIST_KEY_UISupportedInterfaceOrientations_iPad = "UIInterfaceOrientationPortrait UIInterfaceOrientationPortraitUpsideDown UIInterfaceOrientationLandscapeLeft UIInterfaceOrientationLandscapeRight";
				INFOPLIST_KEY_UISupportedInterfaceOrientations_iPhone = "UIInterfaceOrientationPortrait UIInterfaceOrientationLandscapeLeft UIInterfaceOrientationLandscapeRight";
				LD_RUNPATH_SEARCH_PATHS = (
					"$(inherited)",
					"@executable_path/Frameworks",
				);
				MARKETING_VERSION = 1.0;
				PRODUCT_BUNDLE_IDENTIFIER = com.anga.PrillKiller;
				PRODUCT_NAME = "$(TARGET_NAME)";
				SWIFT_EMIT_LOC_STRINGS = YES;
				SWIFT_VERSION = 5.0;
				TARGETED_DEVICE_FAMILY = "1,2";
			};
			name = Debug;
		};
		E13FD40E2CB45676006069A4 /* Release */ = {
			isa = XCBuildConfiguration;
			buildSettings = {
				ASSETCATALOG_COMPILER_APPICON_NAME = AppIcon;
				ASSETCATALOG_COMPILER_GLOBAL_ACCENT_COLOR_NAME = AccentColor;
				CODE_SIGN_ENTITLEMENTS = PrillKiller/PrillKiller.entitlements;
				CODE_SIGN_STYLE = Automatic;
				CURRENT_PROJECT_VERSION = 1;
				DEVELOPMENT_ASSET_PATHS = "\"PrillKiller/Preview Content\"";
				DEVELOPMENT_TEAM = PFY5642M33;
				ENABLE_PREVIEWS = YES;
				GENERATE_INFOPLIST_FILE = YES;
				INFOPLIST_FILE = PrillKiller/Info.plist;
				INFOPLIST_KEY_UIApplicationSceneManifest_Generation = YES;
				INFOPLIST_KEY_UIApplicationSupportsIndirectInputEvents = YES;
				INFOPLIST_KEY_UILaunchScreen_Generation = YES;
				INFOPLIST_KEY_UISupportedInterfaceOrientations_iPad = "UIInterfaceOrientationPortrait UIInterfaceOrientationPortraitUpsideDown UIInterfaceOrientationLandscapeLeft UIInterfaceOrientationLandscapeRight";
				INFOPLIST_KEY_UISupportedInterfaceOrientations_iPhone = "UIInterfaceOrientationPortrait UIInterfaceOrientationLandscapeLeft UIInterfaceOrientationLandscapeRight";
				LD_RUNPATH_SEARCH_PATHS = (
					"$(inherited)",
					"@executable_path/Frameworks",
				);
				MARKETING_VERSION = 1.0;
				PRODUCT_BUNDLE_IDENTIFIER = com.anga.PrillKiller;
				PRODUCT_NAME = "$(TARGET_NAME)";
				SWIFT_EMIT_LOC_STRINGS = YES;
				SWIFT_VERSION = 5.0;
				TARGETED_DEVICE_FAMILY = "1,2";
			};
			name = Release;
		};
		E13FD40F2CB45676006069A4 /* Debug */ = {
			isa = XCBuildConfiguration;
			buildSettings = {
				ALWAYS_SEARCH_USER_PATHS = NO;
				ASSETCATALOG_COMPILER_GENERATE_SWIFT_ASSET_SYMBOL_EXTENSIONS = YES;
				CLANG_ANALYZER_NONNULL = YES;
				CLANG_ANALYZER_NUMBER_OBJECT_CONVERSION = YES_AGGRESSIVE;
				CLANG_CXX_LANGUAGE_STANDARD = "gnu++20";
				CLANG_ENABLE_MODULES = YES;
				CLANG_ENABLE_OBJC_ARC = YES;
				CLANG_ENABLE_OBJC_WEAK = YES;
				CLANG_WARN_BLOCK_CAPTURE_AUTORELEASING = YES;
				CLANG_WARN_BOOL_CONVERSION = YES;
				CLANG_WARN_COMMA = YES;
				CLANG_WARN_CONSTANT_CONVERSION = YES;
				CLANG_WARN_DEPRECATED_OBJC_IMPLEMENTATIONS = YES;
				CLANG_WARN_DIRECT_OBJC_ISA_USAGE = YES_ERROR;
				CLANG_WARN_DOCUMENTATION_COMMENTS = YES;
				CLANG_WARN_EMPTY_BODY = YES;
				CLANG_WARN_ENUM_CONVERSION = YES;
				CLANG_WARN_INFINITE_RECURSION = YES;
				CLANG_WARN_INT_CONVERSION = YES;
				CLANG_WARN_NON_LITERAL_NULL_CONVERSION = YES;
				CLANG_WARN_OBJC_IMPLICIT_RETAIN_SELF = YES;
				CLANG_WARN_OBJC_LITERAL_CONVERSION = YES;
				CLANG_WARN_OBJC_ROOT_CLASS = YES_ERROR;
				CLANG_WARN_QUOTED_INCLUDE_IN_FRAMEWORK_HEADER = YES;
				CLANG_WARN_RANGE_LOOP_ANALYSIS = YES;
				CLANG_WARN_STRICT_PROTOTYPES = YES;
				CLANG_WARN_SUSPICIOUS_MOVE = YES;
				CLANG_WARN_UNGUARDED_AVAILABILITY = YES_AGGRESSIVE;
				CLANG_WARN_UNREACHABLE_CODE = YES;
				CLANG_WARN__DUPLICATE_METHOD_MATCH = YES;
				COPY_PHASE_STRIP = NO;
				DEBUG_INFORMATION_FORMAT = dwarf;
				ENABLE_STRICT_OBJC_MSGSEND = YES;
				ENABLE_TESTABILITY = YES;
				ENABLE_USER_SCRIPT_SANDBOXING = YES;
				GCC_C_LANGUAGE_STANDARD = gnu17;
				GCC_DYNAMIC_NO_PIC = NO;
				GCC_NO_COMMON_BLOCKS = YES;
				GCC_OPTIMIZATION_LEVEL = 0;
				GCC_PREPROCESSOR_DEFINITIONS = (
					"DEBUG=1",
					"$(inherited)",
				);
				GCC_WARN_64_TO_32_BIT_CONVERSION = YES;
				GCC_WARN_ABOUT_RETURN_TYPE = YES_ERROR;
				GCC_WARN_UNDECLARED_SELECTOR = YES;
				GCC_WARN_UNINITIALIZED_AUTOS = YES_AGGRESSIVE;
				GCC_WARN_UNUSED_FUNCTION = YES;
				GCC_WARN_UNUSED_VARIABLE = YES;
				IPHONEOS_DEPLOYMENT_TARGET = 18.0;
				LOCALIZATION_PREFERS_STRING_CATALOGS = YES;
				MTL_ENABLE_DEBUG_INFO = INCLUDE_SOURCE;
				MTL_FAST_MATH = YES;
				ONLY_ACTIVE_ARCH = YES;
				SDKROOT = iphoneos;
				SWIFT_ACTIVE_COMPILATION_CONDITIONS = "DEBUG $(inherited)";
				SWIFT_OPTIMIZATION_LEVEL = "-Onone";
			};
			name = Debug;
		};
		E13FD4102CB45676006069A4 /* Release */ = {
			isa = XCBuildConfiguration;
			buildSettings = {
				ALWAYS_SEARCH_USER_PATHS = NO;
				ASSETCATALOG_COMPILER_GENERATE_SWIFT_ASSET_SYMBOL_EXTENSIONS = YES;
				CLANG_ANALYZER_NONNULL = YES;
				CLANG_ANALYZER_NUMBER_OBJECT_CONVERSION = YES_AGGRESSIVE;
				CLANG_CXX_LANGUAGE_STANDARD = "gnu++20";
				CLANG_ENABLE_MODULES = YES;
				CLANG_ENABLE_OBJC_ARC = YES;
				CLANG_ENABLE_OBJC_WEAK = YES;
				CLANG_WARN_BLOCK_CAPTURE_AUTORELEASING = YES;
				CLANG_WARN_BOOL_CONVERSION = YES;
				CLANG_WARN_COMMA = YES;
				CLANG_WARN_CONSTANT_CONVERSION = YES;
				CLANG_WARN_DEPRECATED_OBJC_IMPLEMENTATIONS = YES;
				CLANG_WARN_DIRECT_OBJC_ISA_USAGE = YES_ERROR;
				CLANG_WARN_DOCUMENTATION_COMMENTS = YES;
				CLANG_WARN_EMPTY_BODY = YES;
				CLANG_WARN_ENUM_CONVERSION = YES;
				CLANG_WARN_INFINITE_RECURSION = YES;
				CLANG_WARN_INT_CONVERSION = YES;
				CLANG_WARN_NON_LITERAL_NULL_CONVERSION = YES;
				CLANG_WARN_OBJC_IMPLICIT_RETAIN_SELF = YES;
				CLANG_WARN_OBJC_LITERAL_CONVERSION = YES;
				CLANG_WARN_OBJC_ROOT_CLASS = YES_ERROR;
				CLANG_WARN_QUOTED_INCLUDE_IN_FRAMEWORK_HEADER = YES;
				CLANG_WARN_RANGE_LOOP_ANALYSIS = YES;
				CLANG_WARN_STRICT_PROTOTYPES = YES;
				CLANG_WARN_SUSPICIOUS_MOVE = YES;
				CLANG_WARN_UNGUARDED_AVAILABILITY = YES_AGGRESSIVE;
				CLANG_WARN_UNREACHABLE_CODE = YES;
				CLANG_WARN__DUPLICATE_METHOD_MATCH = YES;
				COPY_PHASE_STRIP = NO;
				DEBUG_INFORMATION_FORMAT = "dwarf-with-dsym";
				ENABLE_NS_ASSERTIONS = NO;
				ENABLE_STRICT_OBJC_MSGSEND = YES;
				ENABLE_USER_SCRIPT_SANDBOXING = YES;
				GCC_C_LANGUAGE_STANDARD = gnu17;
				GCC_NO_COMMON_BLOCKS = YES;
				GCC_WARN_64_TO_32_BIT_CONVERSION = YES;
				GCC_WARN_ABOUT_RETURN_TYPE = YES_ERROR;
				GCC_WARN_UNDECLARED_SELECTOR = YES;
				GCC_WARN_UNINITIALIZED_AUTOS = YES_AGGRESSIVE;
				GCC_WARN_UNUSED_FUNCTION = YES;
				GCC_WARN_UNUSED_VARIABLE = YES;
				IPHONEOS_DEPLOYMENT_TARGET = 18.0;
				LOCALIZATION_PREFERS_STRING_CATALOGS = YES;
				MTL_ENABLE_DEBUG_INFO = NO;
				MTL_FAST_MATH = YES;
				SDKROOT = iphoneos;
				SWIFT_COMPILATION_MODE = wholemodule;
				VALIDATE_PRODUCT = YES;
			};
			name = Release;
		};
		E13FD4122CB45676006069A4 /* Debug */ = {
			isa = XCBuildConfiguration;
			buildSettings = {
				BUNDLE_LOADER = "$(TEST_HOST)";
				CODE_SIGN_STYLE = Automatic;
				CURRENT_PROJECT_VERSION = 1;
				DEVELOPMENT_TEAM = PFY5642M33;
				GENERATE_INFOPLIST_FILE = YES;
				IPHONEOS_DEPLOYMENT_TARGET = 18.0;
				MARKETING_VERSION = 1.0;
				PRODUCT_BUNDLE_IDENTIFIER = com.anga.PrillKillerTests;
				PRODUCT_NAME = "$(TARGET_NAME)";
				SWIFT_EMIT_LOC_STRINGS = NO;
				SWIFT_VERSION = 5.0;
				TARGETED_DEVICE_FAMILY = "1,2";
				TEST_HOST = "$(BUILT_PRODUCTS_DIR)/PrillKiller.app/$(BUNDLE_EXECUTABLE_FOLDER_PATH)/PrillKiller";
			};
			name = Debug;
		};
		E13FD4132CB45676006069A4 /* Release */ = {
			isa = XCBuildConfiguration;
			buildSettings = {
				BUNDLE_LOADER = "$(TEST_HOST)";
				CODE_SIGN_STYLE = Automatic;
				CURRENT_PROJECT_VERSION = 1;
				DEVELOPMENT_TEAM = PFY5642M33;
				GENERATE_INFOPLIST_FILE = YES;
				IPHONEOS_DEPLOYMENT_TARGET = 18.0;
				MARKETING_VERSION = 1.0;
				PRODUCT_BUNDLE_IDENTIFIER = com.anga.PrillKillerTests;
				PRODUCT_NAME = "$(TARGET_NAME)";
				SWIFT_EMIT_LOC_STRINGS = NO;
				SWIFT_VERSION = 5.0;
				TARGETED_DEVICE_FAMILY = "1,2";
				TEST_HOST = "$(BUILT_PRODUCTS_DIR)/PrillKiller.app/$(BUNDLE_EXECUTABLE_FOLDER_PATH)/PrillKiller";
			};
			name = Release;
		};
		E13FD4152CB45676006069A4 /* Debug */ = {
			isa = XCBuildConfiguration;
			buildSettings = {
				CODE_SIGN_STYLE = Automatic;
				CURRENT_PROJECT_VERSION = 1;
				DEVELOPMENT_TEAM = PFY5642M33;
				GENERATE_INFOPLIST_FILE = YES;
				MARKETING_VERSION = 1.0;
				PRODUCT_BUNDLE_IDENTIFIER = com.anga.PrillKillerUITests;
				PRODUCT_NAME = "$(TARGET_NAME)";
				SWIFT_EMIT_LOC_STRINGS = NO;
				SWIFT_VERSION = 5.0;
				TARGETED_DEVICE_FAMILY = "1,2";
				TEST_TARGET_NAME = PrillKiller;
			};
			name = Debug;
		};
		E13FD4162CB45676006069A4 /* Release */ = {
			isa = XCBuildConfiguration;
			buildSettings = {
				CODE_SIGN_STYLE = Automatic;
				CURRENT_PROJECT_VERSION = 1;
				DEVELOPMENT_TEAM = PFY5642M33;
				GENERATE_INFOPLIST_FILE = YES;
				MARKETING_VERSION = 1.0;
				PRODUCT_BUNDLE_IDENTIFIER = com.anga.PrillKillerUITests;
				PRODUCT_NAME = "$(TARGET_NAME)";
				SWIFT_EMIT_LOC_STRINGS = NO;
				SWIFT_VERSION = 5.0;
				TARGETED_DEVICE_FAMILY = "1,2";
				TEST_TARGET_NAME = PrillKiller;
			};
			name = Release;
		};
/* End XCBuildConfiguration section */

/* Begin XCConfigurationList section */
		E13FD3E02CB45674006069A4 /* Build configuration list for PBXProject "PrillKiller" */ = {
			isa = XCConfigurationList;
			buildConfigurations = (
				E13FD40F2CB45676006069A4 /* Debug */,
				E13FD4102CB45676006069A4 /* Release */,
			);
			defaultConfigurationIsVisible = 0;
			defaultConfigurationName = Release;
		};
		E13FD40C2CB45676006069A4 /* Build configuration list for PBXNativeTarget "PrillKiller" */ = {
			isa = XCConfigurationList;
			buildConfigurations = (
				E13FD40D2CB45676006069A4 /* Debug */,
				E13FD40E2CB45676006069A4 /* Release */,
			);
			defaultConfigurationIsVisible = 0;
			defaultConfigurationName = Release;
		};
		E13FD4112CB45676006069A4 /* Build configuration list for PBXNativeTarget "PrillKillerTests" */ = {
			isa = XCConfigurationList;
			buildConfigurations = (
				E13FD4122CB45676006069A4 /* Debug */,
				E13FD4132CB45676006069A4 /* Release */,
			);
			defaultConfigurationIsVisible = 0;
			defaultConfigurationName = Release;
		};
		E13FD4142CB45676006069A4 /* Build configuration list for PBXNativeTarget "PrillKillerUITests" */ = {
			isa = XCConfigurationList;
			buildConfigurations = (
				E13FD4152CB45676006069A4 /* Debug */,
				E13FD4162CB45676006069A4 /* Release */,
			);
			defaultConfigurationIsVisible = 0;
			defaultConfigurationName = Release;
		};
/* End XCConfigurationList section */
	};
	rootObject = E13FD3DD2CB45674006069A4 /* Project object */;
}
